
Microsoft Visual Studio Solution File, Format Version 12.00
# Visual Studio Version 17
VisualStudioVersion = 17.6.33712.159
MinimumVisualStudioVersion = 10.0.40219.1
Project("{9A19103F-16F7-4668-BE54-9A1E7A4F7556}") = "BookStore", "BookStore\BookStore.csproj", "{AA77A9B7-6B9C-4270-BCA0-DDEFE8CDA243}"
EndProject
Project("{9A19103F-16F7-4668-BE54-9A1E7A4F7556}") = "CartApi", "CartApi\CartApi.csproj", "{2DD14079-64FB-42F8-A5DC-52899CF73FBB}"
EndProject
Project("{FAE04EC0-301F-11D3-BF4B-00C04F79EFBC}") = "BackgroundApps", "BackgroundApps\BackgroundApps.csproj", "{536C5C42-30C0-4459-9F38-ADA39C179B62}"
EndProject
Project("{FAE04EC0-301F-11D3-BF4B-00C04F79EFBC}") = "EmailService", "EmailService\EmailService.csproj", "{FB8FC7D0-5515-44AC-B2B3-AE823A730063}"
EndProject
Project("{FAE04EC0-301F-11D3-BF4B-00C04F79EFBC}") = "OrderApi", "OrderApi\OrderApi.csproj", "{E7E87C92-646E-41B2-B64F-E9545E658D5B}"
EndProject
Project("{FAE04EC0-301F-11D3-BF4B-00C04F79EFBC}") = "Domain", "Domain\Domain.csproj", "{5004B4FB-CED3-42F5-94E8-A6FBEEE87BA8}"
EndProject
Project("{FAE04EC0-301F-11D3-BF4B-00C04F79EFBC}") = "Application", "Application\Application.csproj", "{9F840859-E724-432B-BC58-2DBEB1316419}"
EndProject
Project("{FAE04EC0-301F-11D3-BF4B-00C04F79EFBC}") = "Infrastructure", "Infrastructure\Infrastructure.csproj", "{B5C4C2AF-F0E5-4D48-9F6C-C8065151E375}"
EndProject
Global
	GlobalSection(SolutionConfigurationPlatforms) = preSolution
		Debug|Any CPU = Debug|Any CPU
		Release|Any CPU = Release|Any CPU
	EndGlobalSection
	GlobalSection(ProjectConfigurationPlatforms) = postSolution
		{AA77A9B7-6B9C-4270-BCA0-DDEFE8CDA243}.Debug|Any CPU.ActiveCfg = Debug|Any CPU
		{AA77A9B7-6B9C-4270-BCA0-DDEFE8CDA243}.Debug|Any CPU.Build.0 = Debug|Any CPU
		{AA77A9B7-6B9C-4270-BCA0-DDEFE8CDA243}.Release|Any CPU.ActiveCfg = Release|Any CPU
		{AA77A9B7-6B9C-4270-BCA0-DDEFE8CDA243}.Release|Any CPU.Build.0 = Release|Any CPU
		{2DD14079-64FB-42F8-A5DC-52899CF73FBB}.Debug|Any CPU.ActiveCfg = Debug|Any CPU
		{2DD14079-64FB-42F8-A5DC-52899CF73FBB}.Debug|Any CPU.Build.0 = Debug|Any CPU
		{2DD14079-64FB-42F8-A5DC-52899CF73FBB}.Release|Any CPU.ActiveCfg = Release|Any CPU
		{2DD14079-64FB-42F8-A5DC-52899CF73FBB}.Release|Any CPU.Build.0 = Release|Any CPU
		{536C5C42-30C0-4459-9F38-ADA39C179B62}.Debug|Any CPU.ActiveCfg = Debug|Any CPU
		{536C5C42-30C0-4459-9F38-ADA39C179B62}.Debug|Any CPU.Build.0 = Debug|Any CPU
		{536C5C42-30C0-4459-9F38-ADA39C179B62}.Release|Any CPU.ActiveCfg = Release|Any CPU
		{536C5C42-30C0-4459-9F38-ADA39C179B62}.Release|Any CPU.Build.0 = Release|Any CPU
		{FB8FC7D0-5515-44AC-B2B3-AE823A730063}.Debug|Any CPU.ActiveCfg = Debug|Any CPU
		{FB8FC7D0-5515-44AC-B2B3-AE823A730063}.Debug|Any CPU.Build.0 = Debug|Any CPU
		{FB8FC7D0-5515-44AC-B2B3-AE823A730063}.Release|Any CPU.ActiveCfg = Release|Any CPU
		{FB8FC7D0-5515-44AC-B2B3-AE823A730063}.Release|Any CPU.Build.0 = Release|Any CPU
		{E7E87C92-646E-41B2-B64F-E9545E658D5B}.Debug|Any CPU.ActiveCfg = Debug|Any CPU
		{E7E87C92-646E-41B2-B64F-E9545E658D5B}.Debug|Any CPU.Build.0 = Debug|Any CPU
		{E7E87C92-646E-41B2-B64F-E9545E658D5B}.Release|Any CPU.ActiveCfg = Release|Any CPU
		{E7E87C92-646E-41B2-B64F-E9545E658D5B}.Release|Any CPU.Build.0 = Release|Any CPU
		{5004B4FB-CED3-42F5-94E8-A6FBEEE87BA8}.Debug|Any CPU.ActiveCfg = Debug|Any CPU
		{5004B4FB-CED3-42F5-94E8-A6FBEEE87BA8}.Debug|Any CPU.Build.0 = Debug|Any CPU
		{5004B4FB-CED3-42F5-94E8-A6FBEEE87BA8}.Release|Any CPU.ActiveCfg = Release|Any CPU
		{5004B4FB-CED3-42F5-94E8-A6FBEEE87BA8}.Release|Any CPU.Build.0 = Release|Any CPU
		{9F840859-E724-432B-BC58-2DBEB1316419}.Debug|Any CPU.ActiveCfg = Debug|Any CPU
		{9F840859-E724-432B-BC58-2DBEB1316419}.Debug|Any CPU.Build.0 = Debug|Any CPU
		{9F840859-E724-432B-BC58-2DBEB1316419}.Release|Any CPU.ActiveCfg = Release|Any CPU
		{9F840859-E724-432B-BC58-2DBEB1316419}.Release|Any CPU.Build.0 = Release|Any CPU
		{B5C4C2AF-F0E5-4D48-9F6C-C8065151E375}.Debug|Any CPU.ActiveCfg = Debug|Any CPU
		{B5C4C2AF-F0E5-4D48-9F6C-C8065151E375}.Debug|Any CPU.Build.0 = Debug|Any CPU
		{B5C4C2AF-F0E5-4D48-9F6C-C8065151E375}.Release|Any CPU.ActiveCfg = Release|Any CPU
		{B5C4C2AF-F0E5-4D48-9F6C-C8065151E375}.Release|Any CPU.Build.0 = Release|Any CPU
	EndGlobalSection
	GlobalSection(SolutionProperties) = preSolution
		HideSolutionNode = FALSE
	EndGlobalSection
	GlobalSection(ExtensibilityGlobals) = postSolution
		SolutionGuid = {69A9D317-CE8C-4F2B-A78C-C25E82350429}
	EndGlobalSection
EndGlobal
